<?xml version="1.0" encoding="UTF-8"?>
<!DOCTYPE plist PUBLIC "-//Apple//DTD PLIST 1.0//EN" "http://www.apple.com/DTDs/PropertyList-1.0.dtd">
<plist version="1.0">
<dict>
	<key>archiveVersion</key>
	<string>1</string>
	<key>classes</key>
	<dict/>
	<key>objectVersion</key>
	<string>46</string>
	<key>objects</key>
	<dict>
		<key>0E01C7481D49D64E003AD77E</key>
		<dict>
			<key>fileEncoding</key>
			<string>4</string>
			<key>isa</key>
			<string>PBXFileReference</string>
			<key>lastKnownFileType</key>
			<string>sourcecode.swift</string>
			<key>path</key>
			<string>KeywordSimilarTable.swift</string>
			<key>sourceTree</key>
			<string>&lt;group&gt;</string>
		</dict>
		<key>0E01C7491D49D64E003AD77E</key>
		<dict>
			<key>fileRef</key>
			<string>0E01C7481D49D64E003AD77E</string>
			<key>isa</key>
			<string>PBXBuildFile</string>
		</dict>
		<key>0E09617B1D4A26F5008C1D1D</key>
		<dict>
			<key>fileEncoding</key>
			<string>4</string>
			<key>isa</key>
			<string>PBXFileReference</string>
			<key>lastKnownFileType</key>
			<string>sourcecode.swift</string>
			<key>path</key>
			<string>TMDBKeyword.swift</string>
			<key>sourceTree</key>
			<string>&lt;group&gt;</string>
		</dict>
		<key>0E09617C1D4A26F5008C1D1D</key>
		<dict>
			<key>fileRef</key>
			<string>0E09617B1D4A26F5008C1D1D</string>
			<key>isa</key>
			<string>PBXBuildFile</string>
		</dict>
		<key>0E38B1401D37A05B0005B332</key>
		<dict>
			<key>children</key>
			<array>
				<string>0E38B14B1D37A05B0005B332</string>
				<string>0E38B1601D37A05C0005B332</string>
				<string>0E38B16B1D37A05C0005B332</string>
				<string>0E38B14A1D37A05B0005B332</string>
				<string>3D05245617F61E23E8087A1A</string>
				<string>304B86D342961B296D18A62E</string>
			</array>
			<key>isa</key>
			<string>PBXGroup</string>
			<key>sourceTree</key>
			<string>&lt;group&gt;</string>
		</dict>
		<key>0E38B1411D37A05B0005B332</key>
		<dict>
			<key>attributes</key>
			<dict>
				<key>LastSwiftUpdateCheck</key>
				<string>0730</string>
				<key>LastUpgradeCheck</key>
				<string>0730</string>
				<key>ORGANIZATIONNAME</key>
				<string>Sai Grandhi</string>
				<key>TargetAttributes</key>
				<dict>
					<key>0E38B1481D37A05B0005B332</key>
					<dict>
						<key>CreatedOnToolsVersion</key>
						<string>7.3.1</string>
						<key>DevelopmentTeam</key>
						<string>533URL2368</string>
					</dict>
					<key>0E38B15C1D37A05C0005B332</key>
					<dict>
						<key>CreatedOnToolsVersion</key>
						<string>7.3.1</string>
						<key>DevelopmentTeam</key>
						<string>533URL2368</string>
						<key>TestTargetID</key>
						<string>0E38B1481D37A05B0005B332</string>
					</dict>
					<key>0E38B1671D37A05C0005B332</key>
					<dict>
						<key>CreatedOnToolsVersion</key>
						<string>7.3.1</string>
						<key>DevelopmentTeam</key>
						<string>533URL2368</string>
						<key>TestTargetID</key>
						<string>0E38B1481D37A05B0005B332</string>
					</dict>
				</dict>
			</dict>
			<key>buildConfigurationList</key>
			<string>0E38B1441D37A05B0005B332</string>
			<key>compatibilityVersion</key>
			<string>Xcode 3.2</string>
			<key>developmentRegion</key>
			<string>English</string>
			<key>hasScannedForEncodings</key>
			<string>0</string>
			<key>isa</key>
			<string>PBXProject</string>
			<key>knownRegions</key>
			<array>
				<string>en</string>
				<string>Base</string>
			</array>
			<key>mainGroup</key>
			<string>0E38B1401D37A05B0005B332</string>
			<key>productRefGroup</key>
			<string>0E38B14A1D37A05B0005B332</string>
			<key>projectDirPath</key>
			<string></string>
			<key>projectReferences</key>
			<array/>
			<key>projectRoot</key>
			<string></string>
			<key>targets</key>
			<array>
				<string>0E38B1481D37A05B0005B332</string>
				<string>0E38B15C1D37A05C0005B332</string>
				<string>0E38B1671D37A05C0005B332</string>
			</array>
		</dict>
		<key>0E38B1441D37A05B0005B332</key>
		<dict>
			<key>buildConfigurations</key>
			<array>
				<string>0E38B16F1D37A05C0005B332</string>
				<string>0E38B1701D37A05C0005B332</string>
			</array>
			<key>defaultConfigurationIsVisible</key>
			<string>0</string>
			<key>defaultConfigurationName</key>
			<string>Release</string>
			<key>isa</key>
			<string>XCConfigurationList</string>
		</dict>
		<key>0E38B1451D37A05B0005B332</key>
		<dict>
			<key>buildActionMask</key>
			<string>2147483647</string>
			<key>files</key>
			<array>
				<string>0EC8A0761D4FB3AF00586492</string>
				<string>0EC8A0741D4FA2E100586492</string>
				<string>0EC8A06F1D4F953D00586492</string>
				<string>0E9777F51D3BF409000FF138</string>
				<string>0E09617C1D4A26F5008C1D1D</string>
				<string>0EC8A05F1D4F935C00586492</string>
				<string>0E9777F91D3BF84D000FF138</string>
				<string>0E5A426C1D65E25700084E5B</string>
				<string>0E9777FF1D3BFEF8000FF138</string>
				<string>0E7589D41D4BB08600709D4D</string>
				<string>0EBB0CD41D54C0680050176B</string>
				<string>0E9777F71D3BF4BC000FF138</string>
				<string>0E4F6EDC1D38BC7500515DAD</string>
				<string>0E4F6EDA1D38BC6300515DAD</string>
				<string>0E01C7491D49D64E003AD77E</string>
				<string>0EC8A06D1D4F953D00586492</string>
				<string>0E8C23F81D4279FD00D44CDA</string>
				<string>0E38B14D1D37A05B0005B332</string>
				<string>0EC8A0781D4FB9C800586492</string>
				<string>0E3E60FA1D4FE0DB00D9BC08</string>
				<string>0EC8A0711D4F957D00586492</string>
				<string>0E9777FB1D3BFBB5000FF138</string>
				<string>0E9778011D3BFF52000FF138</string>
				<string>0EC8A07A1D4FBA0100586492</string>
				<string>0E5A42691D65A94A00084E5B</string>
				<string>0E5A426A1D65A94A00084E5B</string>
				<string>0E9777F21D3BEA8E000FF138</string>
			</array>
			<key>isa</key>
			<string>PBXSourcesBuildPhase</string>
			<key>runOnlyForDeploymentPostprocessing</key>
			<string>0</string>
		</dict>
		<key>0E38B1461D37A05B0005B332</key>
		<dict>
			<key>buildActionMask</key>
			<string>2147483647</string>
			<key>files</key>
			<array>
				<string>EA783F6600033882946012A4</string>
				<string>9990F7514E64BF278B875445</string>
			</array>
			<key>isa</key>
			<string>PBXFrameworksBuildPhase</string>
			<key>runOnlyForDeploymentPostprocessing</key>
			<string>0</string>
		</dict>
		<key>0E38B1471D37A05B0005B332</key>
		<dict>
			<key>buildActionMask</key>
			<string>2147483647</string>
			<key>files</key>
			<array>
				<string>0E5826E71D4B28FB00D58686</string>
				<string>0E38B1571D37A05B0005B332</string>
				<string>0E38B1541D37A05B0005B332</string>
			</array>
			<key>isa</key>
			<string>PBXResourcesBuildPhase</string>
			<key>runOnlyForDeploymentPostprocessing</key>
			<string>0</string>
		</dict>
		<key>0E38B1481D37A05B0005B332</key>
		<dict>
			<key>buildConfigurationList</key>
			<string>0E38B1711D37A05C0005B332</string>
			<key>buildPhases</key>
			<array>
				<string>4C9727852D3F6DB7E2E45B51</string>
				<string>0E38B1451D37A05B0005B332</string>
				<string>0E38B1461D37A05B0005B332</string>
				<string>0E38B1471D37A05B0005B332</string>
				<string>449AD794898D6C8502261B97</string>
				<string>7CA5333AA96CE5AE85988CB6</string>
			</array>
			<key>buildRules</key>
			<array/>
			<key>dependencies</key>
			<array/>
			<key>isa</key>
			<string>PBXNativeTarget</string>
			<key>name</key>
			<string>MoviePicker</string>
			<key>productName</key>
			<string>MoviePicker</string>
			<key>productReference</key>
			<string>0E38B1491D37A05B0005B332</string>
			<key>productType</key>
			<string>com.apple.product-type.application</string>
		</dict>
		<key>0E38B1491D37A05B0005B332</key>
		<dict>
			<key>explicitFileType</key>
			<string>wrapper.application</string>
			<key>includeInIndex</key>
			<string>0</string>
			<key>isa</key>
			<string>PBXFileReference</string>
			<key>path</key>
			<string>MoviePicker.app</string>
			<key>sourceTree</key>
			<string>BUILT_PRODUCTS_DIR</string>
		</dict>
		<key>0E38B14A1D37A05B0005B332</key>
		<dict>
			<key>children</key>
			<array>
				<string>0E38B1491D37A05B0005B332</string>
				<string>0E38B15D1D37A05C0005B332</string>
				<string>0E38B1681D37A05C0005B332</string>
			</array>
			<key>isa</key>
			<string>PBXGroup</string>
			<key>name</key>
			<string>Products</string>
			<key>sourceTree</key>
			<string>&lt;group&gt;</string>
		</dict>
		<key>0E38B14B1D37A05B0005B332</key>
		<dict>
			<key>children</key>
			<array>
				<string>0E3E60F81D4FE0CD00D9BC08</string>
				<string>0E38B14C1D37A05B0005B332</string>
				<string>0E9777FA1D3BFBB5000FF138</string>
				<string>0E8C23F51D42794C00D44CDA</string>
				<string>0E8C23F61D42796100D44CDA</string>
				<string>0E9777F01D3BEA8E000FF138</string>
				<string>0E9777F11D3BEA8E000FF138</string>
				<string>0E5826E61D4B28FB00D58686</string>
				<string>0E38B1531D37A05B0005B332</string>
				<string>0E38B1551D37A05B0005B332</string>
				<string>0E38B1581D37A05B0005B332</string>
				<string>0E9777EE1D3BC7E8000FF138</string>
				<string>0E9777EF1D3BEA8D000FF138</string>
			</array>
			<key>isa</key>
			<string>PBXGroup</string>
			<key>path</key>
			<string>MoviePicker</string>
			<key>sourceTree</key>
			<string>&lt;group&gt;</string>
		</dict>
		<key>0E38B14C1D37A05B0005B332</key>
		<dict>
			<key>isa</key>
			<string>PBXFileReference</string>
			<key>lastKnownFileType</key>
			<string>sourcecode.swift</string>
			<key>path</key>
			<string>AppDelegate.swift</string>
			<key>sourceTree</key>
			<string>&lt;group&gt;</string>
		</dict>
		<key>0E38B14D1D37A05B0005B332</key>
		<dict>
			<key>fileRef</key>
			<string>0E38B14C1D37A05B0005B332</string>
			<key>isa</key>
			<string>PBXBuildFile</string>
		</dict>
		<key>0E38B1531D37A05B0005B332</key>
		<dict>
			<key>isa</key>
			<string>PBXFileReference</string>
			<key>lastKnownFileType</key>
			<string>folder.assetcatalog</string>
			<key>path</key>
			<string>Assets.xcassets</string>
			<key>sourceTree</key>
			<string>&lt;group&gt;</string>
		</dict>
		<key>0E38B1541D37A05B0005B332</key>
		<dict>
			<key>fileRef</key>
			<string>0E38B1531D37A05B0005B332</string>
			<key>isa</key>
			<string>PBXBuildFile</string>
		</dict>
		<key>0E38B1551D37A05B0005B332</key>
		<dict>
			<key>children</key>
			<array>
				<string>0E38B1561D37A05B0005B332</string>
			</array>
			<key>isa</key>
			<string>PBXVariantGroup</string>
			<key>name</key>
			<string>LaunchScreen.storyboard</string>
			<key>sourceTree</key>
			<string>&lt;group&gt;</string>
		</dict>
		<key>0E38B1561D37A05B0005B332</key>
		<dict>
			<key>isa</key>
			<string>PBXFileReference</string>
			<key>lastKnownFileType</key>
			<string>file.storyboard</string>
			<key>name</key>
			<string>Base</string>
			<key>path</key>
			<string>Base.lproj/LaunchScreen.storyboard</string>
			<key>sourceTree</key>
			<string>&lt;group&gt;</string>
		</dict>
		<key>0E38B1571D37A05B0005B332</key>
		<dict>
			<key>fileRef</key>
			<string>0E38B1551D37A05B0005B332</string>
			<key>isa</key>
			<string>PBXBuildFile</string>
		</dict>
		<key>0E38B1581D37A05B0005B332</key>
		<dict>
			<key>isa</key>
			<string>PBXFileReference</string>
			<key>lastKnownFileType</key>
			<string>text.plist.xml</string>
			<key>path</key>
			<string>Info.plist</string>
			<key>sourceTree</key>
			<string>&lt;group&gt;</string>
		</dict>
		<key>0E38B1591D37A05C0005B332</key>
		<dict>
			<key>buildActionMask</key>
			<string>2147483647</string>
			<key>files</key>
			<array>
				<string>0E38B1621D37A05C0005B332</string>
			</array>
			<key>isa</key>
			<string>PBXSourcesBuildPhase</string>
			<key>runOnlyForDeploymentPostprocessing</key>
			<string>0</string>
		</dict>
		<key>0E38B15A1D37A05C0005B332</key>
		<dict>
			<key>buildActionMask</key>
			<string>2147483647</string>
			<key>files</key>
			<array/>
			<key>isa</key>
			<string>PBXFrameworksBuildPhase</string>
			<key>runOnlyForDeploymentPostprocessing</key>
			<string>0</string>
		</dict>
		<key>0E38B15B1D37A05C0005B332</key>
		<dict>
			<key>buildActionMask</key>
			<string>2147483647</string>
			<key>files</key>
			<array/>
			<key>isa</key>
			<string>PBXResourcesBuildPhase</string>
			<key>runOnlyForDeploymentPostprocessing</key>
			<string>0</string>
		</dict>
		<key>0E38B15C1D37A05C0005B332</key>
		<dict>
			<key>buildConfigurationList</key>
			<string>0E38B1741D37A05C0005B332</string>
			<key>buildPhases</key>
			<array>
				<string>0E38B1591D37A05C0005B332</string>
				<string>0E38B15A1D37A05C0005B332</string>
				<string>0E38B15B1D37A05C0005B332</string>
			</array>
			<key>buildRules</key>
			<array/>
			<key>dependencies</key>
			<array>
				<string>0E38B15F1D37A05C0005B332</string>
			</array>
			<key>isa</key>
			<string>PBXNativeTarget</string>
			<key>name</key>
			<string>MoviePickerTests</string>
			<key>productName</key>
			<string>MoviePickerTests</string>
			<key>productReference</key>
			<string>0E38B15D1D37A05C0005B332</string>
			<key>productType</key>
			<string>com.apple.product-type.bundle.unit-test</string>
		</dict>
		<key>0E38B15D1D37A05C0005B332</key>
		<dict>
			<key>explicitFileType</key>
			<string>wrapper.cfbundle</string>
			<key>includeInIndex</key>
			<string>0</string>
			<key>isa</key>
			<string>PBXFileReference</string>
			<key>path</key>
			<string>MoviePickerTests.xctest</string>
			<key>sourceTree</key>
			<string>BUILT_PRODUCTS_DIR</string>
		</dict>
		<key>0E38B15E1D37A05C0005B332</key>
		<dict>
			<key>containerPortal</key>
			<string>0E38B1411D37A05B0005B332</string>
			<key>isa</key>
			<string>PBXContainerItemProxy</string>
			<key>proxyType</key>
			<string>1</string>
			<key>remoteGlobalIDString</key>
			<string>0E38B1481D37A05B0005B332</string>
			<key>remoteInfo</key>
			<string>MoviePicker</string>
		</dict>
		<key>0E38B15F1D37A05C0005B332</key>
		<dict>
			<key>isa</key>
			<string>PBXTargetDependency</string>
			<key>target</key>
			<string>0E38B1481D37A05B0005B332</string>
			<key>targetProxy</key>
			<string>0E38B15E1D37A05C0005B332</string>
		</dict>
		<key>0E38B1601D37A05C0005B332</key>
		<dict>
			<key>children</key>
			<array>
				<string>0E38B1611D37A05C0005B332</string>
				<string>0E38B1631D37A05C0005B332</string>
			</array>
			<key>isa</key>
			<string>PBXGroup</string>
			<key>path</key>
			<string>MoviePickerTests</string>
			<key>sourceTree</key>
			<string>&lt;group&gt;</string>
		</dict>
		<key>0E38B1611D37A05C0005B332</key>
		<dict>
			<key>isa</key>
			<string>PBXFileReference</string>
			<key>lastKnownFileType</key>
			<string>sourcecode.swift</string>
			<key>path</key>
			<string>MoviePickerTests.swift</string>
			<key>sourceTree</key>
			<string>&lt;group&gt;</string>
		</dict>
		<key>0E38B1621D37A05C0005B332</key>
		<dict>
			<key>fileRef</key>
			<string>0E38B1611D37A05C0005B332</string>
			<key>isa</key>
			<string>PBXBuildFile</string>
		</dict>
		<key>0E38B1631D37A05C0005B332</key>
		<dict>
			<key>isa</key>
			<string>PBXFileReference</string>
			<key>lastKnownFileType</key>
			<string>text.plist.xml</string>
			<key>path</key>
			<string>Info.plist</string>
			<key>sourceTree</key>
			<string>&lt;group&gt;</string>
		</dict>
		<key>0E38B1641D37A05C0005B332</key>
		<dict>
			<key>buildActionMask</key>
			<string>2147483647</string>
			<key>files</key>
			<array>
				<string>0E38B16D1D37A05C0005B332</string>
			</array>
			<key>isa</key>
			<string>PBXSourcesBuildPhase</string>
			<key>runOnlyForDeploymentPostprocessing</key>
			<string>0</string>
		</dict>
		<key>0E38B1651D37A05C0005B332</key>
		<dict>
			<key>buildActionMask</key>
			<string>2147483647</string>
			<key>files</key>
			<array/>
			<key>isa</key>
			<string>PBXFrameworksBuildPhase</string>
			<key>runOnlyForDeploymentPostprocessing</key>
			<string>0</string>
		</dict>
		<key>0E38B1661D37A05C0005B332</key>
		<dict>
			<key>buildActionMask</key>
			<string>2147483647</string>
			<key>files</key>
			<array/>
			<key>isa</key>
			<string>PBXResourcesBuildPhase</string>
			<key>runOnlyForDeploymentPostprocessing</key>
			<string>0</string>
		</dict>
		<key>0E38B1671D37A05C0005B332</key>
		<dict>
			<key>buildConfigurationList</key>
			<string>0E38B1771D37A05C0005B332</string>
			<key>buildPhases</key>
			<array>
				<string>0E38B1641D37A05C0005B332</string>
				<string>0E38B1651D37A05C0005B332</string>
				<string>0E38B1661D37A05C0005B332</string>
			</array>
			<key>buildRules</key>
			<array/>
			<key>dependencies</key>
			<array>
				<string>0E38B16A1D37A05C0005B332</string>
			</array>
			<key>isa</key>
			<string>PBXNativeTarget</string>
			<key>name</key>
			<string>MoviePickerUITests</string>
			<key>productName</key>
			<string>MoviePickerUITests</string>
			<key>productReference</key>
			<string>0E38B1681D37A05C0005B332</string>
			<key>productType</key>
			<string>com.apple.product-type.bundle.ui-testing</string>
		</dict>
		<key>0E38B1681D37A05C0005B332</key>
		<dict>
			<key>explicitFileType</key>
			<string>wrapper.cfbundle</string>
			<key>includeInIndex</key>
			<string>0</string>
			<key>isa</key>
			<string>PBXFileReference</string>
			<key>path</key>
			<string>MoviePickerUITests.xctest</string>
			<key>sourceTree</key>
			<string>BUILT_PRODUCTS_DIR</string>
		</dict>
		<key>0E38B1691D37A05C0005B332</key>
		<dict>
			<key>containerPortal</key>
			<string>0E38B1411D37A05B0005B332</string>
			<key>isa</key>
			<string>PBXContainerItemProxy</string>
			<key>proxyType</key>
			<string>1</string>
			<key>remoteGlobalIDString</key>
			<string>0E38B1481D37A05B0005B332</string>
			<key>remoteInfo</key>
			<string>MoviePicker</string>
		</dict>
		<key>0E38B16A1D37A05C0005B332</key>
		<dict>
			<key>isa</key>
			<string>PBXTargetDependency</string>
			<key>target</key>
			<string>0E38B1481D37A05B0005B332</string>
			<key>targetProxy</key>
			<string>0E38B1691D37A05C0005B332</string>
		</dict>
		<key>0E38B16B1D37A05C0005B332</key>
		<dict>
			<key>children</key>
			<array>
				<string>0E38B16C1D37A05C0005B332</string>
				<string>0E38B16E1D37A05C0005B332</string>
			</array>
			<key>isa</key>
			<string>PBXGroup</string>
			<key>path</key>
			<string>MoviePickerUITests</string>
			<key>sourceTree</key>
			<string>&lt;group&gt;</string>
		</dict>
		<key>0E38B16C1D37A05C0005B332</key>
		<dict>
			<key>isa</key>
			<string>PBXFileReference</string>
			<key>lastKnownFileType</key>
			<string>sourcecode.swift</string>
			<key>path</key>
			<string>MoviePickerUITests.swift</string>
			<key>sourceTree</key>
			<string>&lt;group&gt;</string>
		</dict>
		<key>0E38B16D1D37A05C0005B332</key>
		<dict>
			<key>fileRef</key>
			<string>0E38B16C1D37A05C0005B332</string>
			<key>isa</key>
			<string>PBXBuildFile</string>
		</dict>
		<key>0E38B16E1D37A05C0005B332</key>
		<dict>
			<key>isa</key>
			<string>PBXFileReference</string>
			<key>lastKnownFileType</key>
			<string>text.plist.xml</string>
			<key>path</key>
			<string>Info.plist</string>
			<key>sourceTree</key>
			<string>&lt;group&gt;</string>
		</dict>
		<key>0E38B16F1D37A05C0005B332</key>
		<dict>
			<key>buildSettings</key>
			<dict>
				<key>ALWAYS_SEARCH_USER_PATHS</key>
				<string>NO</string>
				<key>CLANG_ANALYZER_NONNULL</key>
				<string>YES</string>
				<key>CLANG_CXX_LANGUAGE_STANDARD</key>
				<string>gnu++0x</string>
				<key>CLANG_CXX_LIBRARY</key>
				<string>libc++</string>
				<key>CLANG_ENABLE_MODULES</key>
				<string>YES</string>
				<key>CLANG_ENABLE_OBJC_ARC</key>
				<string>YES</string>
				<key>CLANG_WARN_BOOL_CONVERSION</key>
				<string>YES</string>
				<key>CLANG_WARN_CONSTANT_CONVERSION</key>
				<string>YES</string>
				<key>CLANG_WARN_DIRECT_OBJC_ISA_USAGE</key>
				<string>YES_ERROR</string>
				<key>CLANG_WARN_EMPTY_BODY</key>
				<string>YES</string>
				<key>CLANG_WARN_ENUM_CONVERSION</key>
				<string>YES</string>
				<key>CLANG_WARN_INT_CONVERSION</key>
				<string>YES</string>
				<key>CLANG_WARN_OBJC_ROOT_CLASS</key>
				<string>YES_ERROR</string>
				<key>CLANG_WARN_UNREACHABLE_CODE</key>
				<string>YES</string>
				<key>CLANG_WARN__DUPLICATE_METHOD_MATCH</key>
				<string>YES</string>
				<key>CODE_SIGN_IDENTITY[sdk=iphoneos*]</key>
				<string>iPhone Developer</string>
				<key>COPY_PHASE_STRIP</key>
				<string>NO</string>
				<key>DEBUG_INFORMATION_FORMAT</key>
				<string>dwarf</string>
				<key>ENABLE_STRICT_OBJC_MSGSEND</key>
				<string>YES</string>
				<key>ENABLE_TESTABILITY</key>
				<string>YES</string>
				<key>GCC_C_LANGUAGE_STANDARD</key>
				<string>gnu99</string>
				<key>GCC_DYNAMIC_NO_PIC</key>
				<string>NO</string>
				<key>GCC_NO_COMMON_BLOCKS</key>
				<string>YES</string>
				<key>GCC_OPTIMIZATION_LEVEL</key>
				<string>0</string>
				<key>GCC_PREPROCESSOR_DEFINITIONS</key>
				<array>
					<string>DEBUG=1</string>
					<string>$(inherited)</string>
				</array>
				<key>GCC_WARN_64_TO_32_BIT_CONVERSION</key>
				<string>YES</string>
				<key>GCC_WARN_ABOUT_RETURN_TYPE</key>
				<string>YES_ERROR</string>
				<key>GCC_WARN_UNDECLARED_SELECTOR</key>
				<string>YES</string>
				<key>GCC_WARN_UNINITIALIZED_AUTOS</key>
				<string>YES_AGGRESSIVE</string>
				<key>GCC_WARN_UNUSED_FUNCTION</key>
				<string>YES</string>
				<key>GCC_WARN_UNUSED_VARIABLE</key>
				<string>YES</string>
				<key>IPHONEOS_DEPLOYMENT_TARGET</key>
				<string>9.3</string>
				<key>MTL_ENABLE_DEBUG_INFO</key>
				<string>YES</string>
				<key>ONLY_ACTIVE_ARCH</key>
				<string>YES</string>
				<key>SDKROOT</key>
				<string>iphoneos</string>
				<key>SWIFT_OPTIMIZATION_LEVEL</key>
				<string>-Onone</string>
			</dict>
			<key>isa</key>
			<string>XCBuildConfiguration</string>
			<key>name</key>
			<string>Debug</string>
		</dict>
		<key>0E38B1701D37A05C0005B332</key>
		<dict>
			<key>buildSettings</key>
			<dict>
				<key>ALWAYS_SEARCH_USER_PATHS</key>
				<string>NO</string>
				<key>CLANG_ANALYZER_NONNULL</key>
				<string>YES</string>
				<key>CLANG_CXX_LANGUAGE_STANDARD</key>
				<string>gnu++0x</string>
				<key>CLANG_CXX_LIBRARY</key>
				<string>libc++</string>
				<key>CLANG_ENABLE_MODULES</key>
				<string>YES</string>
				<key>CLANG_ENABLE_OBJC_ARC</key>
				<string>YES</string>
				<key>CLANG_WARN_BOOL_CONVERSION</key>
				<string>YES</string>
				<key>CLANG_WARN_CONSTANT_CONVERSION</key>
				<string>YES</string>
				<key>CLANG_WARN_DIRECT_OBJC_ISA_USAGE</key>
				<string>YES_ERROR</string>
				<key>CLANG_WARN_EMPTY_BODY</key>
				<string>YES</string>
				<key>CLANG_WARN_ENUM_CONVERSION</key>
				<string>YES</string>
				<key>CLANG_WARN_INT_CONVERSION</key>
				<string>YES</string>
				<key>CLANG_WARN_OBJC_ROOT_CLASS</key>
				<string>YES_ERROR</string>
				<key>CLANG_WARN_UNREACHABLE_CODE</key>
				<string>YES</string>
				<key>CLANG_WARN__DUPLICATE_METHOD_MATCH</key>
				<string>YES</string>
				<key>CODE_SIGN_IDENTITY[sdk=iphoneos*]</key>
				<string>iPhone Developer</string>
				<key>COPY_PHASE_STRIP</key>
				<string>NO</string>
				<key>DEBUG_INFORMATION_FORMAT</key>
				<string>dwarf-with-dsym</string>
				<key>ENABLE_NS_ASSERTIONS</key>
				<string>NO</string>
				<key>ENABLE_STRICT_OBJC_MSGSEND</key>
				<string>YES</string>
				<key>GCC_C_LANGUAGE_STANDARD</key>
				<string>gnu99</string>
				<key>GCC_NO_COMMON_BLOCKS</key>
				<string>YES</string>
				<key>GCC_WARN_64_TO_32_BIT_CONVERSION</key>
				<string>YES</string>
				<key>GCC_WARN_ABOUT_RETURN_TYPE</key>
				<string>YES_ERROR</string>
				<key>GCC_WARN_UNDECLARED_SELECTOR</key>
				<string>YES</string>
				<key>GCC_WARN_UNINITIALIZED_AUTOS</key>
				<string>YES_AGGRESSIVE</string>
				<key>GCC_WARN_UNUSED_FUNCTION</key>
				<string>YES</string>
				<key>GCC_WARN_UNUSED_VARIABLE</key>
				<string>YES</string>
				<key>IPHONEOS_DEPLOYMENT_TARGET</key>
				<string>9.3</string>
				<key>MTL_ENABLE_DEBUG_INFO</key>
				<string>NO</string>
				<key>SDKROOT</key>
				<string>iphoneos</string>
				<key>VALIDATE_PRODUCT</key>
				<string>YES</string>
			</dict>
			<key>isa</key>
			<string>XCBuildConfiguration</string>
			<key>name</key>
			<string>Release</string>
		</dict>
		<key>0E38B1711D37A05C0005B332</key>
		<dict>
			<key>buildConfigurations</key>
			<array>
				<string>0E38B1721D37A05C0005B332</string>
				<string>0E38B1731D37A05C0005B332</string>
			</array>
			<key>defaultConfigurationIsVisible</key>
			<string>0</string>
			<key>defaultConfigurationName</key>
			<string>Release</string>
			<key>isa</key>
			<string>XCConfigurationList</string>
		</dict>
		<key>0E38B1721D37A05C0005B332</key>
		<dict>
			<key>baseConfigurationReference</key>
			<string>224A6CF2B1444360A421EBA0</string>
			<key>buildSettings</key>
			<dict>
				<key>ASSETCATALOG_COMPILER_APPICON_NAME</key>
				<string>AppIcon</string>
				<key>CLANG_ENABLE_MODULES</key>
				<string>YES</string>
				<key>INFOPLIST_FILE</key>
				<string>MoviePicker/Info.plist</string>
				<key>LD_RUNPATH_SEARCH_PATHS</key>
				<string>$(inherited) @executable_path/Frameworks</string>
				<key>PRODUCT_BUNDLE_IDENTIFIER</key>
				<string>me.grandhi.MoviePicker</string>
				<key>PRODUCT_NAME</key>
				<string>$(TARGET_NAME)</string>
				<key>SWIFT_OBJC_BRIDGING_HEADER</key>
				<string>MoviePicker/MoviePicker-Bridging-Header.h</string>
				<key>SWIFT_OPTIMIZATION_LEVEL</key>
				<string>-Onone</string>
			</dict>
			<key>isa</key>
			<string>XCBuildConfiguration</string>
			<key>name</key>
			<string>Debug</string>
		</dict>
		<key>0E38B1731D37A05C0005B332</key>
		<dict>
			<key>baseConfigurationReference</key>
			<string>E7E9D81CE83CA1FFCA958D49</string>
			<key>buildSettings</key>
			<dict>
				<key>ASSETCATALOG_COMPILER_APPICON_NAME</key>
				<string>AppIcon</string>
				<key>CLANG_ENABLE_MODULES</key>
				<string>YES</string>
				<key>INFOPLIST_FILE</key>
				<string>MoviePicker/Info.plist</string>
				<key>LD_RUNPATH_SEARCH_PATHS</key>
				<string>$(inherited) @executable_path/Frameworks</string>
				<key>PRODUCT_BUNDLE_IDENTIFIER</key>
				<string>me.grandhi.MoviePicker</string>
				<key>PRODUCT_NAME</key>
				<string>$(TARGET_NAME)</string>
				<key>SWIFT_OBJC_BRIDGING_HEADER</key>
				<string>MoviePicker/MoviePicker-Bridging-Header.h</string>
			</dict>
			<key>isa</key>
			<string>XCBuildConfiguration</string>
			<key>name</key>
			<string>Release</string>
		</dict>
		<key>0E38B1741D37A05C0005B332</key>
		<dict>
			<key>buildConfigurations</key>
			<array>
				<string>0E38B1751D37A05C0005B332</string>
				<string>0E38B1761D37A05C0005B332</string>
			</array>
			<key>defaultConfigurationIsVisible</key>
			<string>0</string>
			<key>defaultConfigurationName</key>
			<string>Release</string>
			<key>isa</key>
			<string>XCConfigurationList</string>
		</dict>
		<key>0E38B1751D37A05C0005B332</key>
		<dict>
			<key>buildSettings</key>
			<dict>
				<key>BUNDLE_LOADER</key>
				<string>$(TEST_HOST)</string>
				<key>INFOPLIST_FILE</key>
				<string>MoviePickerTests/Info.plist</string>
				<key>LD_RUNPATH_SEARCH_PATHS</key>
				<string>$(inherited) @executable_path/Frameworks @loader_path/Frameworks</string>
				<key>PRODUCT_BUNDLE_IDENTIFIER</key>
				<string>me.grandhi.MoviePickerTests</string>
				<key>PRODUCT_NAME</key>
				<string>$(TARGET_NAME)</string>
				<key>TEST_HOST</key>
				<string>$(BUILT_PRODUCTS_DIR)/MoviePicker.app/MoviePicker</string>
			</dict>
			<key>isa</key>
			<string>XCBuildConfiguration</string>
			<key>name</key>
			<string>Debug</string>
		</dict>
		<key>0E38B1761D37A05C0005B332</key>
		<dict>
			<key>buildSettings</key>
			<dict>
				<key>BUNDLE_LOADER</key>
				<string>$(TEST_HOST)</string>
				<key>INFOPLIST_FILE</key>
				<string>MoviePickerTests/Info.plist</string>
				<key>LD_RUNPATH_SEARCH_PATHS</key>
				<string>$(inherited) @executable_path/Frameworks @loader_path/Frameworks</string>
				<key>PRODUCT_BUNDLE_IDENTIFIER</key>
				<string>me.grandhi.MoviePickerTests</string>
				<key>PRODUCT_NAME</key>
				<string>$(TARGET_NAME)</string>
				<key>TEST_HOST</key>
				<string>$(BUILT_PRODUCTS_DIR)/MoviePicker.app/MoviePicker</string>
			</dict>
			<key>isa</key>
			<string>XCBuildConfiguration</string>
			<key>name</key>
			<string>Release</string>
		</dict>
		<key>0E38B1771D37A05C0005B332</key>
		<dict>
			<key>buildConfigurations</key>
			<array>
				<string>0E38B1781D37A05C0005B332</string>
				<string>0E38B1791D37A05C0005B332</string>
			</array>
			<key>defaultConfigurationIsVisible</key>
			<string>0</string>
			<key>defaultConfigurationName</key>
			<string>Release</string>
			<key>isa</key>
			<string>XCConfigurationList</string>
		</dict>
		<key>0E38B1781D37A05C0005B332</key>
		<dict>
			<key>buildSettings</key>
			<dict>
				<key>INFOPLIST_FILE</key>
				<string>MoviePickerUITests/Info.plist</string>
				<key>LD_RUNPATH_SEARCH_PATHS</key>
				<string>$(inherited) @executable_path/Frameworks @loader_path/Frameworks</string>
				<key>PRODUCT_BUNDLE_IDENTIFIER</key>
				<string>me.grandhi.MoviePickerUITests</string>
				<key>PRODUCT_NAME</key>
				<string>$(TARGET_NAME)</string>
				<key>TEST_TARGET_NAME</key>
				<string>MoviePicker</string>
			</dict>
			<key>isa</key>
			<string>XCBuildConfiguration</string>
			<key>name</key>
			<string>Debug</string>
		</dict>
		<key>0E38B1791D37A05C0005B332</key>
		<dict>
			<key>buildSettings</key>
			<dict>
				<key>INFOPLIST_FILE</key>
				<string>MoviePickerUITests/Info.plist</string>
				<key>LD_RUNPATH_SEARCH_PATHS</key>
				<string>$(inherited) @executable_path/Frameworks @loader_path/Frameworks</string>
				<key>PRODUCT_BUNDLE_IDENTIFIER</key>
				<string>me.grandhi.MoviePickerUITests</string>
				<key>PRODUCT_NAME</key>
				<string>$(TARGET_NAME)</string>
				<key>TEST_TARGET_NAME</key>
				<string>MoviePicker</string>
			</dict>
			<key>isa</key>
			<string>XCBuildConfiguration</string>
			<key>name</key>
			<string>Release</string>
		</dict>
		<key>0E3E60F81D4FE0CD00D9BC08</key>
		<dict>
			<key>children</key>
			<array>
				<string>0E3E60F91D4FE0DB00D9BC08</string>
			</array>
			<key>isa</key>
			<string>PBXGroup</string>
			<key>name</key>
			<string>View</string>
			<key>sourceTree</key>
			<string>&lt;group&gt;</string>
		</dict>
		<key>0E3E60F91D4FE0DB00D9BC08</key>
		<dict>
			<key>fileEncoding</key>
			<string>4</string>
			<key>isa</key>
			<string>PBXFileReference</string>
			<key>lastKnownFileType</key>
			<string>sourcecode.swift</string>
			<key>path</key>
			<string>ImageCollectionCell.swift</string>
			<key>sourceTree</key>
			<string>&lt;group&gt;</string>
		</dict>
		<key>0E3E60FA1D4FE0DB00D9BC08</key>
		<dict>
			<key>fileRef</key>
			<string>0E3E60F91D4FE0DB00D9BC08</string>
			<key>isa</key>
			<string>PBXBuildFile</string>
		</dict>
		<key>0E4F6ED81D38BC4E00515DAD</key>
		<dict>
			<key>children</key>
			<array>
				<string>0E4F6EDB1D38BC7500515DAD</string>
				<string>0E4F6ED91D38BC6300515DAD</string>
			</array>
			<key>isa</key>
			<string>PBXGroup</string>
			<key>name</key>
			<string>ClarifaiClient</string>
			<key>sourceTree</key>
			<string>&lt;group&gt;</string>
		</dict>
		<key>0E4F6ED91D38BC6300515DAD</key>
		<dict>
			<key>fileEncoding</key>
			<string>4</string>
			<key>isa</key>
			<string>PBXFileReference</string>
			<key>lastKnownFileType</key>
			<string>sourcecode.swift</string>
			<key>path</key>
			<string>ClarifaiConstants.swift</string>
			<key>sourceTree</key>
			<string>&lt;group&gt;</string>
		</dict>
		<key>0E4F6EDA1D38BC6300515DAD</key>
		<dict>
			<key>fileRef</key>
			<string>0E4F6ED91D38BC6300515DAD</string>
			<key>isa</key>
			<string>PBXBuildFile</string>
		</dict>
		<key>0E4F6EDB1D38BC7500515DAD</key>
		<dict>
			<key>fileEncoding</key>
			<string>4</string>
			<key>isa</key>
			<string>PBXFileReference</string>
			<key>lastKnownFileType</key>
			<string>sourcecode.swift</string>
			<key>path</key>
			<string>ClarifaiClient.swift</string>
			<key>sourceTree</key>
			<string>&lt;group&gt;</string>
		</dict>
		<key>0E4F6EDC1D38BC7500515DAD</key>
		<dict>
			<key>fileRef</key>
			<string>0E4F6EDB1D38BC7500515DAD</string>
			<key>isa</key>
			<string>PBXBuildFile</string>
		</dict>
		<key>0E5826E61D4B28FB00D58686</key>
		<dict>
			<key>fileEncoding</key>
			<string>4</string>
			<key>isa</key>
			<string>PBXFileReference</string>
			<key>lastKnownFileType</key>
			<string>file.storyboard</string>
			<key>path</key>
			<string>Main.storyboard</string>
			<key>sourceTree</key>
			<string>&lt;group&gt;</string>
		</dict>
		<key>0E5826E71D4B28FB00D58686</key>
		<dict>
			<key>fileRef</key>
			<string>0E5826E61D4B28FB00D58686</string>
			<key>isa</key>
			<string>PBXBuildFile</string>
		</dict>
		<key>0E5A42671D65A94A00084E5B</key>
		<dict>
			<key>fileEncoding</key>
			<string>4</string>
			<key>isa</key>
			<string>PBXFileReference</string>
			<key>lastKnownFileType</key>
			<string>sourcecode.swift</string>
			<key>path</key>
			<string>Photo+CoreDataProperties.swift</string>
			<key>sourceTree</key>
			<string>&lt;group&gt;</string>
		</dict>
		<key>0E5A42681D65A94A00084E5B</key>
		<dict>
			<key>fileEncoding</key>
			<string>4</string>
			<key>isa</key>
			<string>PBXFileReference</string>
			<key>lastKnownFileType</key>
			<string>sourcecode.swift</string>
			<key>path</key>
			<string>Movie+CoreDataProperties.swift</string>
			<key>sourceTree</key>
			<string>&lt;group&gt;</string>
		</dict>
		<key>0E5A42691D65A94A00084E5B</key>
		<dict>
			<key>fileRef</key>
			<string>0E5A42671D65A94A00084E5B</string>
			<key>isa</key>
			<string>PBXBuildFile</string>
		</dict>
		<key>0E5A426A1D65A94A00084E5B</key>
		<dict>
			<key>fileRef</key>
			<string>0E5A42681D65A94A00084E5B</string>
			<key>isa</key>
			<string>PBXBuildFile</string>
		</dict>
		<key>0E5A426B1D65E25700084E5B</key>
		<dict>
			<key>fileEncoding</key>
			<string>4</string>
			<key>isa</key>
			<string>PBXFileReference</string>
			<key>lastKnownFileType</key>
			<string>sourcecode.swift</string>
			<key>path</key>
			<string>ShowFilms.swift</string>
			<key>sourceTree</key>
			<string>&lt;group&gt;</string>
		</dict>
		<key>0E5A426C1D65E25700084E5B</key>
		<dict>
			<key>fileRef</key>
			<string>0E5A426B1D65E25700084E5B</string>
			<key>isa</key>
			<string>PBXBuildFile</string>
		</dict>
		<key>0E7589D31D4BB08600709D4D</key>
		<dict>
			<key>fileEncoding</key>
			<string>4</string>
			<key>isa</key>
			<string>PBXFileReference</string>
			<key>lastKnownFileType</key>
			<string>sourcecode.swift</string>
			<key>path</key>
			<string>RelatedMovies.swift</string>
			<key>sourceTree</key>
			<string>&lt;group&gt;</string>
		</dict>
		<key>0E7589D41D4BB08600709D4D</key>
		<dict>
			<key>fileRef</key>
			<string>0E7589D31D4BB08600709D4D</string>
			<key>isa</key>
			<string>PBXBuildFile</string>
		</dict>
		<key>0E8C23F51D42794C00D44CDA</key>
		<dict>
			<key>children</key>
			<array>
				<string>0EC8A0721D4FA2B700586492</string>
				<string>0EC8A0691D4F953D00586492</string>
				<string>0E5A42671D65A94A00084E5B</string>
				<string>0E5A42681D65A94A00084E5B</string>
				<string>0EC8A06B1D4F953D00586492</string>
				<string>0EC8A05D1D4F935C00586492</string>
				<string>0EC8A0701D4F957D00586492</string>
				<string>0EC8A0751D4FB3AF00586492</string>
			</array>
			<key>isa</key>
			<string>PBXGroup</string>
			<key>name</key>
			<string>Model</string>
			<key>sourceTree</key>
			<string>&lt;group&gt;</string>
		</dict>
		<key>0E8C23F61D42796100D44CDA</key>
		<dict>
			<key>children</key>
			<array>
				<string>0E8C23F71D4279FD00D44CDA</string>
				<string>0E01C7481D49D64E003AD77E</string>
				<string>0E7589D31D4BB08600709D4D</string>
				<string>0EC8A0771D4FB9C800586492</string>
				<string>0E5A426B1D65E25700084E5B</string>
				<string>0EC8A0791D4FBA0100586492</string>
				<string>0EBB0CD31D54C0680050176B</string>
			</array>
			<key>isa</key>
			<string>PBXGroup</string>
			<key>name</key>
			<string>Controller</string>
			<key>sourceTree</key>
			<string>&lt;group&gt;</string>
		</dict>
		<key>0E8C23F71D4279FD00D44CDA</key>
		<dict>
			<key>fileEncoding</key>
			<string>4</string>
			<key>isa</key>
			<string>PBXFileReference</string>
			<key>lastKnownFileType</key>
			<string>sourcecode.swift</string>
			<key>path</key>
			<string>ShowImageAndTags.swift</string>
			<key>sourceTree</key>
			<string>&lt;group&gt;</string>
		</dict>
		<key>0E8C23F81D4279FD00D44CDA</key>
		<dict>
			<key>fileRef</key>
			<string>0E8C23F71D4279FD00D44CDA</string>
			<key>isa</key>
			<string>PBXBuildFile</string>
		</dict>
		<key>0E9777EE1D3BC7E8000FF138</key>
		<dict>
			<key>isa</key>
			<string>PBXFileReference</string>
			<key>lastKnownFileType</key>
			<string>file.playground</string>
			<key>path</key>
			<string>test.playground</string>
			<key>sourceTree</key>
			<string>&lt;group&gt;</string>
		</dict>
		<key>0E9777EF1D3BEA8D000FF138</key>
		<dict>
			<key>isa</key>
			<string>PBXFileReference</string>
			<key>lastKnownFileType</key>
			<string>sourcecode.c.h</string>
			<key>path</key>
			<string>MoviePicker-Bridging-Header.h</string>
			<key>sourceTree</key>
			<string>&lt;group&gt;</string>
		</dict>
		<key>0E9777F01D3BEA8E000FF138</key>
		<dict>
			<key>fileEncoding</key>
			<string>4</string>
			<key>isa</key>
			<string>PBXFileReference</string>
			<key>lastKnownFileType</key>
			<string>sourcecode.c.h</string>
			<key>path</key>
			<string>UIScrollView+EmptyDataSet.h</string>
			<key>sourceTree</key>
			<string>&lt;group&gt;</string>
		</dict>
		<key>0E9777F11D3BEA8E000FF138</key>
		<dict>
			<key>fileEncoding</key>
			<string>4</string>
			<key>isa</key>
			<string>PBXFileReference</string>
			<key>lastKnownFileType</key>
			<string>sourcecode.c.objc</string>
			<key>path</key>
			<string>UIScrollView+EmptyDataSet.m</string>
			<key>sourceTree</key>
			<string>&lt;group&gt;</string>
		</dict>
		<key>0E9777F21D3BEA8E000FF138</key>
		<dict>
			<key>fileRef</key>
			<string>0E9777F11D3BEA8E000FF138</string>
			<key>isa</key>
			<string>PBXBuildFile</string>
		</dict>
		<key>0E9777F31D3BF3FA000FF138</key>
		<dict>
			<key>children</key>
			<array>
				<string>0E9777F41D3BF409000FF138</string>
				<string>0E9777F61D3BF4BC000FF138</string>
				<string>0E9777F81D3BF84D000FF138</string>
				<string>0E9777FE1D3BFEF8000FF138</string>
				<string>0E9778001D3BFF52000FF138</string>
				<string>0E09617B1D4A26F5008C1D1D</string>
			</array>
			<key>isa</key>
			<string>PBXGroup</string>
			<key>name</key>
			<string>TMDBClient</string>
			<key>sourceTree</key>
			<string>&lt;group&gt;</string>
		</dict>
		<key>0E9777F41D3BF409000FF138</key>
		<dict>
			<key>fileEncoding</key>
			<string>4</string>
			<key>isa</key>
			<string>PBXFileReference</string>
			<key>lastKnownFileType</key>
			<string>sourcecode.swift</string>
			<key>path</key>
			<string>TMDBConstants.swift</string>
			<key>sourceTree</key>
			<string>&lt;group&gt;</string>
		</dict>
		<key>0E9777F51D3BF409000FF138</key>
		<dict>
			<key>fileRef</key>
			<string>0E9777F41D3BF409000FF138</string>
			<key>isa</key>
			<string>PBXBuildFile</string>
		</dict>
		<key>0E9777F61D3BF4BC000FF138</key>
		<dict>
			<key>fileEncoding</key>
			<string>4</string>
			<key>isa</key>
			<string>PBXFileReference</string>
			<key>lastKnownFileType</key>
			<string>sourcecode.swift</string>
			<key>path</key>
			<string>TMDBClient.swift</string>
			<key>sourceTree</key>
			<string>&lt;group&gt;</string>
		</dict>
		<key>0E9777F71D3BF4BC000FF138</key>
		<dict>
			<key>fileRef</key>
			<string>0E9777F61D3BF4BC000FF138</string>
			<key>isa</key>
			<string>PBXBuildFile</string>
		</dict>
		<key>0E9777F81D3BF84D000FF138</key>
		<dict>
			<key>fileEncoding</key>
			<string>4</string>
			<key>isa</key>
			<string>PBXFileReference</string>
			<key>lastKnownFileType</key>
			<string>sourcecode.swift</string>
			<key>path</key>
			<string>TMDBMovie.swift</string>
			<key>sourceTree</key>
			<string>&lt;group&gt;</string>
		</dict>
		<key>0E9777F91D3BF84D000FF138</key>
		<dict>
			<key>fileRef</key>
			<string>0E9777F81D3BF84D000FF138</string>
			<key>isa</key>
			<string>PBXBuildFile</string>
		</dict>
		<key>0E9777FA1D3BFBB5000FF138</key>
		<dict>
			<key>fileEncoding</key>
			<string>4</string>
			<key>isa</key>
			<string>PBXFileReference</string>
			<key>lastKnownFileType</key>
			<string>sourcecode.swift</string>
			<key>path</key>
			<string>GCDBlackBox.swift</string>
			<key>sourceTree</key>
			<string>&lt;group&gt;</string>
		</dict>
		<key>0E9777FB1D3BFBB5000FF138</key>
		<dict>
			<key>fileRef</key>
			<string>0E9777FA1D3BFBB5000FF138</string>
			<key>isa</key>
			<string>PBXBuildFile</string>
		</dict>
		<key>0E9777FE1D3BFEF8000FF138</key>
		<dict>
			<key>fileEncoding</key>
			<string>4</string>
			<key>isa</key>
			<string>PBXFileReference</string>
			<key>lastKnownFileType</key>
			<string>sourcecode.swift</string>
			<key>path</key>
			<string>TMDBConfig.swift</string>
			<key>sourceTree</key>
			<string>&lt;group&gt;</string>
		</dict>
		<key>0E9777FF1D3BFEF8000FF138</key>
		<dict>
			<key>fileRef</key>
			<string>0E9777FE1D3BFEF8000FF138</string>
			<key>isa</key>
			<string>PBXBuildFile</string>
		</dict>
		<key>0E9778001D3BFF52000FF138</key>
		<dict>
			<key>fileEncoding</key>
			<string>4</string>
			<key>isa</key>
			<string>PBXFileReference</string>
			<key>lastKnownFileType</key>
			<string>sourcecode.swift</string>
			<key>path</key>
			<string>TMDBConvenience.swift</string>
			<key>sourceTree</key>
			<string>&lt;group&gt;</string>
		</dict>
		<key>0E9778011D3BFF52000FF138</key>
		<dict>
			<key>fileRef</key>
			<string>0E9778001D3BFF52000FF138</string>
			<key>isa</key>
			<string>PBXBuildFile</string>
		</dict>
		<key>0EBB0CD31D54C0680050176B</key>
		<dict>
			<key>fileEncoding</key>
			<string>4</string>
			<key>isa</key>
			<string>PBXFileReference</string>
			<key>lastKnownFileType</key>
			<string>sourcecode.swift</string>
			<key>path</key>
			<string>CoreDataTableViewController.swift</string>
			<key>sourceTree</key>
			<string>&lt;group&gt;</string>
		</dict>
		<key>0EBB0CD41D54C0680050176B</key>
		<dict>
			<key>fileRef</key>
			<string>0EBB0CD31D54C0680050176B</string>
			<key>isa</key>
			<string>PBXBuildFile</string>
		</dict>
		<key>0EC8A05D1D4F935C00586492</key>
		<dict>
			<key>children</key>
			<array>
				<string>0EC8A05E1D4F935C00586492</string>
			</array>
			<key>currentVersion</key>
			<string>0EC8A05E1D4F935C00586492</string>
			<key>isa</key>
			<string>XCVersionGroup</string>
			<key>path</key>
			<string>Model.xcdatamodeld</string>
			<key>sourceTree</key>
			<string>&lt;group&gt;</string>
			<key>versionGroupType</key>
			<string>wrapper.xcdatamodel</string>
		</dict>
		<key>0EC8A05E1D4F935C00586492</key>
		<dict>
			<key>isa</key>
			<string>PBXFileReference</string>
			<key>lastKnownFileType</key>
			<string>wrapper.xcdatamodel</string>
			<key>path</key>
			<string>Model.xcdatamodel</string>
			<key>sourceTree</key>
			<string>&lt;group&gt;</string>
		</dict>
		<key>0EC8A05F1D4F935C00586492</key>
		<dict>
			<key>fileRef</key>
			<string>0EC8A05D1D4F935C00586492</string>
			<key>isa</key>
			<string>PBXBuildFile</string>
		</dict>
		<key>0EC8A0691D4F953D00586492</key>
		<dict>
			<key>fileEncoding</key>
			<string>4</string>
			<key>isa</key>
			<string>PBXFileReference</string>
			<key>lastKnownFileType</key>
			<string>sourcecode.swift</string>
			<key>path</key>
			<string>Photo.swift</string>
			<key>sourceTree</key>
			<string>&lt;group&gt;</string>
		</dict>
		<key>0EC8A06B1D4F953D00586492</key>
		<dict>
			<key>fileEncoding</key>
			<string>4</string>
			<key>isa</key>
			<string>PBXFileReference</string>
			<key>lastKnownFileType</key>
			<string>sourcecode.swift</string>
			<key>path</key>
			<string>Movie.swift</string>
			<key>sourceTree</key>
			<string>&lt;group&gt;</string>
		</dict>
		<key>0EC8A06D1D4F953D00586492</key>
		<dict>
			<key>fileRef</key>
			<string>0EC8A0691D4F953D00586492</string>
			<key>isa</key>
			<string>PBXBuildFile</string>
		</dict>
		<key>0EC8A06F1D4F953D00586492</key>
		<dict>
			<key>fileRef</key>
			<string>0EC8A06B1D4F953D00586492</string>
			<key>isa</key>
			<string>PBXBuildFile</string>
		</dict>
		<key>0EC8A0701D4F957D00586492</key>
		<dict>
			<key>fileEncoding</key>
			<string>4</string>
			<key>isa</key>
			<string>PBXFileReference</string>
			<key>lastKnownFileType</key>
			<string>sourcecode.swift</string>
			<key>path</key>
			<string>CoreDataStack.swift</string>
			<key>sourceTree</key>
			<string>&lt;group&gt;</string>
		</dict>
		<key>0EC8A0711D4F957D00586492</key>
		<dict>
			<key>fileRef</key>
			<string>0EC8A0701D4F957D00586492</string>
			<key>isa</key>
			<string>PBXBuildFile</string>
		</dict>
		<key>0EC8A0721D4FA2B700586492</key>
		<dict>
			<key>children</key>
			<array>
				<string>0E4F6ED81D38BC4E00515DAD</string>
				<string>0E9777F31D3BF3FA000FF138</string>
				<string>0EC8A0731D4FA2E100586492</string>
			</array>
			<key>isa</key>
			<string>PBXGroup</string>
			<key>name</key>
			<string>Clients</string>
			<key>sourceTree</key>
			<string>&lt;group&gt;</string>
		</dict>
		<key>0EC8A0731D4FA2E100586492</key>
		<dict>
			<key>fileEncoding</key>
			<string>4</string>
			<key>isa</key>
			<string>PBXFileReference</string>
			<key>lastKnownFileType</key>
			<string>sourcecode.swift</string>
			<key>path</key>
			<string>SelectedPhoto.swift</string>
			<key>sourceTree</key>
			<string>&lt;group&gt;</string>
		</dict>
		<key>0EC8A0741D4FA2E100586492</key>
		<dict>
			<key>fileRef</key>
			<string>0EC8A0731D4FA2E100586492</string>
			<key>isa</key>
			<string>PBXBuildFile</string>
		</dict>
		<key>0EC8A0751D4FB3AF00586492</key>
		<dict>
			<key>fileEncoding</key>
			<string>4</string>
			<key>isa</key>
			<string>PBXFileReference</string>
			<key>lastKnownFileType</key>
			<string>sourcecode.swift</string>
			<key>path</key>
			<string>ImageCache.swift</string>
			<key>sourceTree</key>
			<string>&lt;group&gt;</string>
		</dict>
		<key>0EC8A0761D4FB3AF00586492</key>
		<dict>
			<key>fileRef</key>
			<string>0EC8A0751D4FB3AF00586492</string>
			<key>isa</key>
			<string>PBXBuildFile</string>
		</dict>
		<key>0EC8A0771D4FB9C800586492</key>
		<dict>
			<key>fileEncoding</key>
			<string>4</string>
			<key>isa</key>
			<string>PBXFileReference</string>
			<key>lastKnownFileType</key>
			<string>sourcecode.swift</string>
			<key>path</key>
			<string>SavedMoviesCollection.swift</string>
			<key>sourceTree</key>
			<string>&lt;group&gt;</string>
		</dict>
		<key>0EC8A0781D4FB9C800586492</key>
		<dict>
			<key>fileRef</key>
			<string>0EC8A0771D4FB9C800586492</string>
			<key>isa</key>
			<string>PBXBuildFile</string>
		</dict>
		<key>0EC8A0791D4FBA0100586492</key>
		<dict>
			<key>fileEncoding</key>
			<string>4</string>
			<key>isa</key>
			<string>PBXFileReference</string>
			<key>lastKnownFileType</key>
			<string>sourcecode.swift</string>
			<key>path</key>
			<string>CoreViewController.swift</string>
			<key>sourceTree</key>
			<string>&lt;group&gt;</string>
		</dict>
		<key>0EC8A07A1D4FBA0100586492</key>
		<dict>
			<key>fileRef</key>
			<string>0EC8A0791D4FBA0100586492</string>
			<key>isa</key>
			<string>PBXBuildFile</string>
		</dict>
		<key>224A6CF2B1444360A421EBA0</key>
		<dict>
			<key>includeInIndex</key>
			<string>1</string>
			<key>isa</key>
			<string>PBXFileReference</string>
			<key>lastKnownFileType</key>
			<string>text.xcconfig</string>
			<key>name</key>
			<string>Pods-MoviePicker.debug.xcconfig</string>
			<key>path</key>
			<string>Pods/Target Support Files/Pods-MoviePicker/Pods-MoviePicker.debug.xcconfig</string>
			<key>sourceTree</key>
			<string>&lt;group&gt;</string>
		</dict>
		<key>2F61C2ADB6BDFF2B170EABDB</key>
		<dict>
			<key>includeInIndex</key>
			<string>1</string>
			<key>isa</key>
			<string>PBXFileReference</string>
			<key>lastKnownFileType</key>
			<string>text.xcconfig</string>
			<key>name</key>
			<string>Pods.release.xcconfig</string>
			<key>path</key>
			<string>Pods/Target Support Files/Pods/Pods.release.xcconfig</string>
			<key>sourceTree</key>
			<string>&lt;group&gt;</string>
		</dict>
		<key>304B86D342961B296D18A62E</key>
		<dict>
			<key>children</key>
			<array>
				<string>4F1113E4D43461EEF4E1110C</string>
				<string>4E49FDDF18D7646909580A83</string>
			</array>
			<key>isa</key>
			<string>PBXGroup</string>
			<key>name</key>
			<string>Frameworks</string>
			<key>sourceTree</key>
			<string>&lt;group&gt;</string>
		</dict>
		<key>3D05245617F61E23E8087A1A</key>
		<dict>
			<key>children</key>
			<array>
				<string>683E1ADEBD03A619482BE8B5</string>
				<string>2F61C2ADB6BDFF2B170EABDB</string>
				<string>224A6CF2B1444360A421EBA0</string>
				<string>E7E9D81CE83CA1FFCA958D49</string>
			</array>
			<key>isa</key>
			<string>PBXGroup</string>
			<key>name</key>
			<string>Pods</string>
			<key>sourceTree</key>
			<string>&lt;group&gt;</string>
		</dict>
		<key>449AD794898D6C8502261B97</key>
		<dict>
			<key>buildActionMask</key>
			<string>2147483647</string>
			<key>files</key>
			<array/>
			<key>inputPaths</key>
			<array/>
			<key>isa</key>
			<string>PBXShellScriptBuildPhase</string>
			<key>name</key>
			<string>Embed Pods Frameworks</string>
			<key>outputPaths</key>
			<array/>
			<key>runOnlyForDeploymentPostprocessing</key>
			<string>0</string>
			<key>shellPath</key>
			<string>/bin/sh</string>
			<key>shellScript</key>
			<string>"${SRCROOT}/Pods/Target Support Files/Pods-MoviePicker/Pods-MoviePicker-frameworks.sh"
</string>
			<key>showEnvVarsInLog</key>
			<string>0</string>
		</dict>
		<key>4C9727852D3F6DB7E2E45B51</key>
		<dict>
			<key>buildActionMask</key>
			<string>2147483647</string>
			<key>files</key>
			<array/>
			<key>inputPaths</key>
			<array/>
			<key>isa</key>
			<string>PBXShellScriptBuildPhase</string>
			<key>name</key>
			<string>Check Pods Manifest.lock</string>
			<key>outputPaths</key>
			<array/>
			<key>runOnlyForDeploymentPostprocessing</key>
			<string>0</string>
			<key>shellPath</key>
			<string>/bin/sh</string>
			<key>shellScript</key>
			<string>diff "${PODS_ROOT}/../Podfile.lock" "${PODS_ROOT}/Manifest.lock" &gt; /dev/null
if [[ $? != 0 ]] ; then
    cat &lt;&lt; EOM
error: The sandbox is not in sync with the Podfile.lock. Run 'pod install' or update your CocoaPods installation.
EOM
    exit 1
fi
</string>
			<key>showEnvVarsInLog</key>
			<string>0</string>
		</dict>
		<key>4E49FDDF18D7646909580A83</key>
		<dict>
			<key>explicitFileType</key>
			<string>wrapper.framework</string>
			<key>includeInIndex</key>
			<string>0</string>
			<key>isa</key>
			<string>PBXFileReference</string>
			<key>path</key>
			<string>Pods_MoviePicker.framework</string>
			<key>sourceTree</key>
			<string>BUILT_PRODUCTS_DIR</string>
		</dict>
		<key>4F1113E4D43461EEF4E1110C</key>
		<dict>
			<key>explicitFileType</key>
			<string>wrapper.framework</string>
			<key>includeInIndex</key>
			<string>0</string>
			<key>isa</key>
			<string>PBXFileReference</string>
			<key>path</key>
			<string>Pods.framework</string>
			<key>sourceTree</key>
			<string>BUILT_PRODUCTS_DIR</string>
		</dict>
		<key>683E1ADEBD03A619482BE8B5</key>
		<dict>
			<key>includeInIndex</key>
			<string>1</string>
			<key>isa</key>
			<string>PBXFileReference</string>
			<key>lastKnownFileType</key>
			<string>text.xcconfig</string>
			<key>name</key>
			<string>Pods.debug.xcconfig</string>
			<key>path</key>
			<string>Pods/Target Support Files/Pods/Pods.debug.xcconfig</string>
			<key>sourceTree</key>
			<string>&lt;group&gt;</string>
		</dict>
		<key>7CA5333AA96CE5AE85988CB6</key>
		<dict>
			<key>buildActionMask</key>
			<string>2147483647</string>
			<key>files</key>
			<array/>
			<key>inputPaths</key>
			<array/>
			<key>isa</key>
			<string>PBXShellScriptBuildPhase</string>
			<key>name</key>
			<string>Copy Pods Resources</string>
			<key>outputPaths</key>
			<array/>
			<key>runOnlyForDeploymentPostprocessing</key>
			<string>0</string>
			<key>shellPath</key>
			<string>/bin/sh</string>
			<key>shellScript</key>
			<string>"${SRCROOT}/Pods/Target Support Files/Pods-MoviePicker/Pods-MoviePicker-resources.sh"
</string>
			<key>showEnvVarsInLog</key>
			<string>0</string>
		</dict>
		<key>9990F7514E64BF278B875445</key>
		<dict>
			<key>fileRef</key>
			<string>4E49FDDF18D7646909580A83</string>
			<key>isa</key>
			<string>PBXBuildFile</string>
			<key>settings</key>
			<dict>
				<key>ATTRIBUTES</key>
				<array>
					<string>Weak</string>
				</array>
			</dict>
		</dict>
		<key>E7E9D81CE83CA1FFCA958D49</key>
		<dict>
			<key>includeInIndex</key>
			<string>1</string>
			<key>isa</key>
			<string>PBXFileReference</string>
			<key>lastKnownFileType</key>
			<string>text.xcconfig</string>
			<key>name</key>
			<string>Pods-MoviePicker.release.xcconfig</string>
			<key>path</key>
			<string>Pods/Target Support Files/Pods-MoviePicker/Pods-MoviePicker.release.xcconfig</string>
			<key>sourceTree</key>
			<string>&lt;group&gt;</string>
		</dict>
		<key>EA783F6600033882946012A4</key>
		<dict>
			<key>fileRef</key>
			<string>4F1113E4D43461EEF4E1110C</string>
			<key>isa</key>
			<string>PBXBuildFile</string>
			<key>settings</key>
			<dict>
				<key>ATTRIBUTES</key>
				<array>
					<string>Weak</string>
				</array>
			</dict>
		</dict>
	</dict>
	<key>rootObject</key>
	<string>0E38B1411D37A05B0005B332</string>
</dict>
</plist>
